// !$*UTF8*$!
{
	archiveVersion = 1;
	classes = {
	};
	objectVersion = 56;
	objects = {

/* Begin PBXBuildFile section */
		6BC93480291972190096482D /* AppDelegate.swift in Sources */ = {isa = PBXBuildFile; fileRef = 6BC9347F291972190096482D /* AppDelegate.swift */; };
		6BC93482291972190096482D /* SceneDelegate.swift in Sources */ = {isa = PBXBuildFile; fileRef = 6BC93481291972190096482D /* SceneDelegate.swift */; };
		6BC93484291972190096482D /* ViewController.swift in Sources */ = {isa = PBXBuildFile; fileRef = 6BC93483291972190096482D /* ViewController.swift */; };
		6BC93487291972190096482D /* Main.storyboard in Resources */ = {isa = PBXBuildFile; fileRef = 6BC93485291972190096482D /* Main.storyboard */; };
		6BC9348A291972190096482D /* PhamMichael_HW9.xcdatamodeld in Sources */ = {isa = PBXBuildFile; fileRef = 6BC93488291972190096482D /* PhamMichael_HW9.xcdatamodeld */; };
		6BC9348C2919721A0096482D /* Assets.xcassets in Resources */ = {isa = PBXBuildFile; fileRef = 6BC9348B2919721A0096482D /* Assets.xcassets */; };
		6BC9348F2919721A0096482D /* LaunchScreen.storyboard in Resources */ = {isa = PBXBuildFile; fileRef = 6BC9348D2919721A0096482D /* LaunchScreen.storyboard */; };
		6BC9349A2919721A0096482D /* PhamMichael_HW9Tests.swift in Sources */ = {isa = PBXBuildFile; fileRef = 6BC934992919721A0096482D /* PhamMichael_HW9Tests.swift */; };
		6BC934A42919721A0096482D /* PhamMichael_HW9UITests.swift in Sources */ = {isa = PBXBuildFile; fileRef = 6BC934A32919721A0096482D /* PhamMichael_HW9UITests.swift */; };
		6BC934A62919721A0096482D /* PhamMichael_HW9UITestsLaunchTests.swift in Sources */ = {isa = PBXBuildFile; fileRef = 6BC934A52919721A0096482D /* PhamMichael_HW9UITestsLaunchTests.swift */; };
/* End PBXBuildFile section */

/* Begin PBXContainerItemProxy section */
		6BC934962919721A0096482D /* PBXContainerItemProxy */ = {
			isa = PBXContainerItemProxy;
			containerPortal = 6BC93474291972190096482D /* Project object */;
			proxyType = 1;
			remoteGlobalIDString = 6BC9347B291972190096482D;
			remoteInfo = "PhamMichael-HW9";
		};
		6BC934A02919721A0096482D /* PBXContainerItemProxy */ = {
			isa = PBXContainerItemProxy;
			containerPortal = 6BC93474291972190096482D /* Project object */;
			proxyType = 1;
			remoteGlobalIDString = 6BC9347B291972190096482D;
			remoteInfo = "PhamMichael-HW9";
		};
/* End PBXContainerItemProxy section */

/* Begin PBXFileReference section */
		6BC9347C291972190096482D /* PhamMichael-HW9.app */ = {isa = PBXFileReference; explicitFileType = wrapper.application; includeInIndex = 0; path = "PhamMichael-HW9.app"; sourceTree = BUILT_PRODUCTS_DIR; };
		6BC9347F291972190096482D /* AppDelegate.swift */ = {isa = PBXFileReference; lastKnownFileType = sourcecode.swift; path = AppDelegate.swift; sourceTree = "<group>"; };
		6BC93481291972190096482D /* SceneDelegate.swift */ = {isa = PBXFileReference; lastKnownFileType = sourcecode.swift; path = SceneDelegate.swift; sourceTree = "<group>"; };
		6BC93483291972190096482D /* ViewController.swift */ = {isa = PBXFileReference; lastKnownFileType = sourcecode.swift; path = ViewController.swift; sourceTree = "<group>"; };
		6BC93486291972190096482D /* Base */ = {isa = PBXFileReference; lastKnownFileType = file.storyboard; name = Base; path = Base.lproj/Main.storyboard; sourceTree = "<group>"; };
		6BC93489291972190096482D /* PhamMichael_HW9.xcdatamodel */ = {isa = PBXFileReference; lastKnownFileType = wrapper.xcdatamodel; path = PhamMichael_HW9.xcdatamodel; sourceTree = "<group>"; };
		6BC9348B2919721A0096482D /* Assets.xcassets */ = {isa = PBXFileReference; lastKnownFileType = folder.assetcatalog; path = Assets.xcassets; sourceTree = "<group>"; };
		6BC9348E2919721A0096482D /* Base */ = {isa = PBXFileReference; lastKnownFileType = file.storyboard; name = Base; path = Base.lproj/LaunchScreen.storyboard; sourceTree = "<group>"; };
		6BC934902919721A0096482D /* Info.plist */ = {isa = PBXFileReference; lastKnownFileType = text.plist.xml; path = Info.plist; sourceTree = "<group>"; };
		6BC934952919721A0096482D /* PhamMichael-HW9Tests.xctest */ = {isa = PBXFileReference; explicitFileType = wrapper.cfbundle; includeInIndex = 0; path = "PhamMichael-HW9Tests.xctest"; sourceTree = BUILT_PRODUCTS_DIR; };
		6BC934992919721A0096482D /* PhamMichael_HW9Tests.swift */ = {isa = PBXFileReference; lastKnownFileType = sourcecode.swift; path = PhamMichael_HW9Tests.swift; sourceTree = "<group>"; };
		6BC9349F2919721A0096482D /* PhamMichael-HW9UITests.xctest */ = {isa = PBXFileReference; explicitFileType = wrapper.cfbundle; includeInIndex = 0; path = "PhamMichael-HW9UITests.xctest"; sourceTree = BUILT_PRODUCTS_DIR; };
		6BC934A32919721A0096482D /* PhamMichael_HW9UITests.swift */ = {isa = PBXFileReference; lastKnownFileType = sourcecode.swift; path = PhamMichael_HW9UITests.swift; sourceTree = "<group>"; };
		6BC934A52919721A0096482D /* PhamMichael_HW9UITestsLaunchTests.swift */ = {isa = PBXFileReference; lastKnownFileType = sourcecode.swift; path = PhamMichael_HW9UITestsLaunchTests.swift; sourceTree = "<group>"; };
/* End PBXFileReference section */

/* Begin PBXFrameworksBuildPhase section */
		6BC93479291972190096482D /* Frameworks */ = {
			isa = PBXFrameworksBuildPhase;
			buildActionMask = 2147483647;
			files = (
			);
			runOnlyForDeploymentPostprocessing = 0;
		};
		6BC934922919721A0096482D /* Frameworks */ = {
			isa = PBXFrameworksBuildPhase;
			buildActionMask = 2147483647;
			files = (
			);
			runOnlyForDeploymentPostprocessing = 0;
		};
		6BC9349C2919721A0096482D /* Frameworks */ = {
			isa = PBXFrameworksBuildPhase;
			buildActionMask = 2147483647;
			files = (
			);
			runOnlyForDeploymentPostprocessing = 0;
		};
/* End PBXFrameworksBuildPhase section */

/* Begin PBXGroup section */
		6BC93473291972190096482D = {
			isa = PBXGroup;
			children = (
				6BC9347E291972190096482D /* PhamMichael-HW9 */,
				6BC934982919721A0096482D /* PhamMichael-HW9Tests */,
				6BC934A22919721A0096482D /* PhamMichael-HW9UITests */,
				6BC9347D291972190096482D /* Products */,
			);
			sourceTree = "<group>";
		};
		6BC9347D291972190096482D /* Products */ = {
			isa = PBXGroup;
			children = (
				6BC9347C291972190096482D /* PhamMichael-HW9.app */,
				6BC934952919721A0096482D /* PhamMichael-HW9Tests.xctest */,
				6BC9349F2919721A0096482D /* PhamMichael-HW9UITests.xctest */,
			);
			name = Products;
			sourceTree = "<group>";
		};
		6BC9347E291972190096482D /* PhamMichael-HW9 */ = {
			isa = PBXGroup;
			children = (
				6BC9347F291972190096482D /* AppDelegate.swift */,
				6BC93481291972190096482D /* SceneDelegate.swift */,
				6BC93483291972190096482D /* ViewController.swift */,
				6BC93485291972190096482D /* Main.storyboard */,
				6BC9348B2919721A0096482D /* Assets.xcassets */,
				6BC9348D2919721A0096482D /* LaunchScreen.storyboard */,
				6BC934902919721A0096482D /* Info.plist */,
				6BC93488291972190096482D /* PhamMichael_HW9.xcdatamodeld */,
			);
			path = "PhamMichael-HW9";
			sourceTree = "<group>";
		};
		6BC934982919721A0096482D /* PhamMichael-HW9Tests */ = {
			isa = PBXGroup;
			children = (
				6BC934992919721A0096482D /* PhamMichael_HW9Tests.swift */,
			);
			path = "PhamMichael-HW9Tests";
			sourceTree = "<group>";
		};
		6BC934A22919721A0096482D /* PhamMichael-HW9UITests */ = {
			isa = PBXGroup;
			children = (
				6BC934A32919721A0096482D /* PhamMichael_HW9UITests.swift */,
				6BC934A52919721A0096482D /* PhamMichael_HW9UITestsLaunchTests.swift */,
			);
			path = "PhamMichael-HW9UITests";
			sourceTree = "<group>";
		};
/* End PBXGroup section */

/* Begin PBXNativeTarget section */
		6BC9347B291972190096482D /* PhamMichael-HW9 */ = {
			isa = PBXNativeTarget;
			buildConfigurationList = 6BC934A92919721A0096482D /* Build configuration list for PBXNativeTarget "PhamMichael-HW9" */;
			buildPhases = (
				6BC93478291972190096482D /* Sources */,
				6BC93479291972190096482D /* Frameworks */,
				6BC9347A291972190096482D /* Resources */,
			);
			buildRules = (
			);
			dependencies = (
			);
			name = "PhamMichael-HW9";
			productName = "PhamMichael-HW9";
			productReference = 6BC9347C291972190096482D /* PhamMichael-HW9.app */;
			productType = "com.apple.product-type.application";
		};
		6BC934942919721A0096482D /* PhamMichael-HW9Tests */ = {
			isa = PBXNativeTarget;
			buildConfigurationList = 6BC934AC2919721A0096482D /* Build configuration list for PBXNativeTarget "PhamMichael-HW9Tests" */;
			buildPhases = (
				6BC934912919721A0096482D /* Sources */,
				6BC934922919721A0096482D /* Frameworks */,
				6BC934932919721A0096482D /* Resources */,
			);
			buildRules = (
			);
			dependencies = (
				6BC934972919721A0096482D /* PBXTargetDependency */,
			);
			name = "PhamMichael-HW9Tests";
			productName = "PhamMichael-HW9Tests";
			productReference = 6BC934952919721A0096482D /* PhamMichael-HW9Tests.xctest */;
			productType = "com.apple.product-type.bundle.unit-test";
		};
		6BC9349E2919721A0096482D /* PhamMichael-HW9UITests */ = {
			isa = PBXNativeTarget;
			buildConfigurationList = 6BC934AF2919721A0096482D /* Build configuration list for PBXNativeTarget "PhamMichael-HW9UITests" */;
			buildPhases = (
				6BC9349B2919721A0096482D /* Sources */,
				6BC9349C2919721A0096482D /* Frameworks */,
				6BC9349D2919721A0096482D /* Resources */,
			);
			buildRules = (
			);
			dependencies = (
				6BC934A12919721A0096482D /* PBXTargetDependency */,
			);
			name = "PhamMichael-HW9UITests";
			productName = "PhamMichael-HW9UITests";
			productReference = 6BC9349F2919721A0096482D /* PhamMichael-HW9UITests.xctest */;
			productType = "com.apple.product-type.bundle.ui-testing";
		};
/* End PBXNativeTarget section */

/* Begin PBXProject section */
		6BC93474291972190096482D /* Project object */ = {
			isa = PBXProject;
			attributes = {
				BuildIndependentTargetsInParallel = 1;
				LastSwiftUpdateCheck = 1400;
				LastUpgradeCheck = 1400;
				TargetAttributes = {
					6BC9347B291972190096482D = {
						CreatedOnToolsVersion = 14.0;
					};
					6BC934942919721A0096482D = {
						CreatedOnToolsVersion = 14.0;
						TestTargetID = 6BC9347B291972190096482D;
					};
					6BC9349E2919721A0096482D = {
						CreatedOnToolsVersion = 14.0;
						TestTargetID = 6BC9347B291972190096482D;
					};
				};
			};
			buildConfigurationList = 6BC93477291972190096482D /* Build configuration list for PBXProject "PhamMichael-HW9" */;
			compatibilityVersion = "Xcode 14.0";
			developmentRegion = en;
			hasScannedForEncodings = 0;
			knownRegions = (
				en,
				Base,
			);
			mainGroup = 6BC93473291972190096482D;
			productRefGroup = 6BC9347D291972190096482D /* Products */;
			projectDirPath = "";
			projectRoot = "";
			targets = (
				6BC9347B291972190096482D /* PhamMichael-HW9 */,
				6BC934942919721A0096482D /* PhamMichael-HW9Tests */,
				6BC9349E2919721A0096482D /* PhamMichael-HW9UITests */,
			);
		};
/* End PBXProject section */

/* Begin PBXResourcesBuildPhase section */
		6BC9347A291972190096482D /* Resources */ = {
			isa = PBXResourcesBuildPhase;
			buildActionMask = 2147483647;
			files = (
				6BC9348F2919721A0096482D /* LaunchScreen.storyboard in Resources */,
				6BC9348C2919721A0096482D /* Assets.xcassets in Resources */,
				6BC93487291972190096482D /* Main.storyboard in Resources */,
			);
			runOnlyForDeploymentPostprocessing = 0;
		};
		6BC934932919721A0096482D /* Resources */ = {
			isa = PBXResourcesBuildPhase;
			buildActionMask = 2147483647;
			files = (
			);
			runOnlyForDeploymentPostprocessing = 0;
		};
		6BC9349D2919721A0096482D /* Resources */ = {
			isa = PBXResourcesBuildPhase;
			buildActionMask = 2147483647;
			files = (
			);
			runOnlyForDeploymentPostprocessing = 0;
		};
/* End PBXResourcesBuildPhase section */

/* Begin PBXSourcesBuildPhase section */
		6BC93478291972190096482D /* Sources */ = {
			isa = PBXSourcesBuildPhase;
			buildActionMask = 2147483647;
			files = (
				6BC9348A291972190096482D /* PhamMichael_HW9.xcdatamodeld in Sources */,
				6BC93484291972190096482D /* ViewController.swift in Sources */,
				6BC93480291972190096482D /* AppDelegate.swift in Sources */,
				6BC93482291972190096482D /* SceneDelegate.swift in Sources */,
			);
			runOnlyForDeploymentPostprocessing = 0;
		};
		6BC934912919721A0096482D /* Sources */ = {
			isa = PBXSourcesBuildPhase;
			buildActionMask = 2147483647;
			files = (
				6BC9349A2919721A0096482D /* PhamMichael_HW9Tests.swift in Sources */,
			);
			runOnlyForDeploymentPostprocessing = 0;
		};
		6BC9349B2919721A0096482D /* Sources */ = {
			isa = PBXSourcesBuildPhase;
			buildActionMask = 2147483647;
			files = (
				6BC934A42919721A0096482D /* PhamMichael_HW9UITests.swift in Sources */,
				6BC934A62919721A0096482D /* PhamMichael_HW9UITestsLaunchTests.swift in Sources */,
			);
			runOnlyForDeploymentPostprocessing = 0;
		};
/* End PBXSourcesBuildPhase section */

/* Begin PBXTargetDependency section */
		6BC934972919721A0096482D /* PBXTargetDependency */ = {
			isa = PBXTargetDependency;
			target = 6BC9347B291972190096482D /* PhamMichael-HW9 */;
			targetProxy = 6BC934962919721A0096482D /* PBXContainerItemProxy */;
		};
		6BC934A12919721A0096482D /* PBXTargetDependency */ = {
			isa = PBXTargetDependency;
			target = 6BC9347B291972190096482D /* PhamMichael-HW9 */;
			targetProxy = 6BC934A02919721A0096482D /* PBXContainerItemProxy */;
		};
/* End PBXTargetDependency section */

/* Begin PBXVariantGroup section */
		6BC93485291972190096482D /* Main.storyboard */ = {
			isa = PBXVariantGroup;
			children = (
				6BC93486291972190096482D /* Base */,
			);
			name = Main.storyboard;
			sourceTree = "<group>";
		};
		6BC9348D2919721A0096482D /* LaunchScreen.storyboard */ = {
			isa = PBXVariantGroup;
			children = (
				6BC9348E2919721A0096482D /* Base */,
			);
			name = LaunchScreen.storyboard;
			sourceTree = "<group>";
		};
/* End PBXVariantGroup section */

/* Begin XCBuildConfiguration section */
		6BC934A72919721A0096482D /* Debug */ = {
			isa = XCBuildConfiguration;
			buildSettings = {
				ALWAYS_SEARCH_USER_PATHS = NO;
				CLANG_ANALYZER_NONNULL = YES;
				CLANG_ANALYZER_NUMBER_OBJECT_CONVERSION = YES_AGGRESSIVE;
				CLANG_CXX_LANGUAGE_STANDARD = "gnu++20";
				CLANG_ENABLE_MODULES = YES;
				CLANG_ENABLE_OBJC_ARC = YES;
				CLANG_ENABLE_OBJC_WEAK = YES;
				CLANG_WARN_BLOCK_CAPTURE_AUTORELEASING = YES;
				CLANG_WARN_BOOL_CONVERSION = YES;
				CLANG_WARN_COMMA = YES;
				CLANG_WARN_CONSTANT_CONVERSION = YES;
				CLANG_WARN_DEPRECATED_OBJC_IMPLEMENTATIONS = YES;
				CLANG_WARN_DIRECT_OBJC_ISA_USAGE = YES_ERROR;
				CLANG_WARN_DOCUMENTATION_COMMENTS = YES;
				CLANG_WARN_EMPTY_BODY = YES;
				CLANG_WARN_ENUM_CONVERSION = YES;
				CLANG_WARN_INFINITE_RECURSION = YES;
				CLANG_WARN_INT_CONVERSION = YES;
				CLANG_WARN_NON_LITERAL_NULL_CONVERSION = YES;
				CLANG_WARN_OBJC_IMPLICIT_RETAIN_SELF = YES;
				CLANG_WARN_OBJC_LITERAL_CONVERSION = YES;
				CLANG_WARN_OBJC_ROOT_CLASS = YES_ERROR;
				CLANG_WARN_QUOTED_INCLUDE_IN_FRAMEWORK_HEADER = YES;
				CLANG_WARN_RANGE_LOOP_ANALYSIS = YES;
				CLANG_WARN_STRICT_PROTOTYPES = YES;
				CLANG_WARN_SUSPICIOUS_MOVE = YES;
				CLANG_WARN_UNGUARDED_AVAILABILITY = YES_AGGRESSIVE;
				CLANG_WARN_UNREACHABLE_CODE = YES;
				CLANG_WARN__DUPLICATE_METHOD_MATCH = YES;
				COPY_PHASE_STRIP = NO;
				DEBUG_INFORMATION_FORMAT = dwarf;
				ENABLE_STRICT_OBJC_MSGSEND = YES;
				ENABLE_TESTABILITY = YES;
				GCC_C_LANGUAGE_STANDARD = gnu11;
				GCC_DYNAMIC_NO_PIC = NO;
				GCC_NO_COMMON_BLOCKS = YES;
				GCC_OPTIMIZATION_LEVEL = 0;
				GCC_PREPROCESSOR_DEFINITIONS = (
					"DEBUG=1",
					"$(inherited)",
				);
				GCC_WARN_64_TO_32_BIT_CONVERSION = YES;
				GCC_WARN_ABOUT_RETURN_TYPE = YES_ERROR;
				GCC_WARN_UNDECLARED_SELECTOR = YES;
				GCC_WARN_UNINITIALIZED_AUTOS = YES_AGGRESSIVE;
				GCC_WARN_UNUSED_FUNCTION = YES;
				GCC_WARN_UNUSED_VARIABLE = YES;
				IPHONEOS_DEPLOYMENT_TARGET = 16.0;
				MTL_ENABLE_DEBUG_INFO = INCLUDE_SOURCE;
				MTL_FAST_MATH = YES;
				ONLY_ACTIVE_ARCH = YES;
				SDKROOT = iphoneos;
				SWIFT_ACTIVE_COMPILATION_CONDITIONS = DEBUG;
				SWIFT_OPTIMIZATION_LEVEL = "-Onone";
			};
			name = Debug;
		};
		6BC934A82919721A0096482D /* Release */ = {
			isa = XCBuildConfiguration;
			buildSettings = {
				ALWAYS_SEARCH_USER_PATHS = NO;
				CLANG_ANALYZER_NONNULL = YES;
				CLANG_ANALYZER_NUMBER_OBJECT_CONVERSION = YES_AGGRESSIVE;
				CLANG_CXX_LANGUAGE_STANDARD = "gnu++20";
				CLANG_ENABLE_MODULES = YES;
				CLANG_ENABLE_OBJC_ARC = YES;
				CLANG_ENABLE_OBJC_WEAK = YES;
				CLANG_WARN_BLOCK_CAPTURE_AUTORELEASING = YES;
				CLANG_WARN_BOOL_CONVERSION = YES;
				CLANG_WARN_COMMA = YES;
				CLANG_WARN_CONSTANT_CONVERSION = YES;
				CLANG_WARN_DEPRECATED_OBJC_IMPLEMENTATIONS = YES;
				CLANG_WARN_DIRECT_OBJC_ISA_USAGE = YES_ERROR;
				CLANG_WARN_DOCUMENTATION_COMMENTS = YES;
				CLANG_WARN_EMPTY_BODY = YES;
				CLANG_WARN_ENUM_CONVERSION = YES;
				CLANG_WARN_INFINITE_RECURSION = YES;
				CLANG_WARN_INT_CONVERSION = YES;
				CLANG_WARN_NON_LITERAL_NULL_CONVERSION = YES;
				CLANG_WARN_OBJC_IMPLICIT_RETAIN_SELF = YES;
				CLANG_WARN_OBJC_LITERAL_CONVERSION = YES;
				CLANG_WARN_OBJC_ROOT_CLASS = YES_ERROR;
				CLANG_WARN_QUOTED_INCLUDE_IN_FRAMEWORK_HEADER = YES;
				CLANG_WARN_RANGE_LOOP_ANALYSIS = YES;
				CLANG_WARN_STRICT_PROTOTYPES = YES;
				CLANG_WARN_SUSPICIOUS_MOVE = YES;
				CLANG_WARN_UNGUARDED_AVAILABILITY = YES_AGGRESSIVE;
				CLANG_WARN_UNREACHABLE_CODE = YES;
				CLANG_WARN__DUPLICATE_METHOD_MATCH = YES;
				COPY_PHASE_STRIP = NO;
				DEBUG_INFORMATION_FORMAT = "dwarf-with-dsym";
				ENABLE_NS_ASSERTIONS = NO;
				ENABLE_STRICT_OBJC_MSGSEND = YES;
				GCC_C_LANGUAGE_STANDARD = gnu11;
				GCC_NO_COMMON_BLOCKS = YES;
				GCC_WARN_64_TO_32_BIT_CONVERSION = YES;
				GCC_WARN_ABOUT_RETURN_TYPE = YES_ERROR;
				GCC_WARN_UNDECLARED_SELECTOR = YES;
				GCC_WARN_UNINITIALIZED_AUTOS = YES_AGGRESSIVE;
				GCC_WARN_UNUSED_FUNCTION = YES;
				GCC_WARN_UNUSED_VARIABLE = YES;
				IPHONEOS_DEPLOYMENT_TARGET = 16.0;
				MTL_ENABLE_DEBUG_INFO = NO;
				MTL_FAST_MATH = YES;
				SDKROOT = iphoneos;
				SWIFT_COMPILATION_MODE = wholemodule;
				SWIFT_OPTIMIZATION_LEVEL = "-O";
				VALIDATE_PRODUCT = YES;
			};
			name = Release;
		};
		6BC934AA2919721A0096482D /* Debug */ = {
			isa = XCBuildConfiguration;
			buildSettings = {
				ASSETCATALOG_COMPILER_APPICON_NAME = AppIcon;
				ASSETCATALOG_COMPILER_GLOBAL_ACCENT_COLOR_NAME = AccentColor;
				CODE_SIGN_STYLE = Automatic;
				CURRENT_PROJECT_VERSION = 1;
				GENERATE_INFOPLIST_FILE = YES;
				INFOPLIST_FILE = "PhamMichael-HW9/Info.plist";
				INFOPLIST_KEY_UIApplicationSupportsIndirectInputEvents = YES;
				INFOPLIST_KEY_UILaunchStoryboardName = LaunchScreen;
				INFOPLIST_KEY_UIMainStoryboardFile = Main;
				INFOPLIST_KEY_UISupportedInterfaceOrientations_iPad = "UIInterfaceOrientationPortrait UIInterfaceOrientationPortraitUpsideDown UIInterfaceOrientationLandscapeLeft UIInterfaceOrientationLandscapeRight";
				INFOPLIST_KEY_UISupportedInterfaceOrientations_iPhone = "UIInterfaceOrientationPortrait UIInterfaceOrientationLandscapeLeft UIInterfaceOrientationLandscapeRight";
				LD_RUNPATH_SEARCH_PATHS = (
					"$(inherited)",
					"@executable_path/Frameworks",
				);
				MARKETING_VERSION = 1.0;
				PRODUCT_BUNDLE_IDENTIFIER = "MGP.PhamMichael-HW9";
				PRODUCT_NAME = "$(TARGET_NAME)";
				SWIFT_EMIT_LOC_STRINGS = YES;
				SWIFT_VERSION = 5.0;
				TARGETED_DEVICE_FAMILY = "1,2";
			};
			name = Debug;
		};
		6BC934AB2919721A0096482D /* Release */ = {
			isa = XCBuildConfiguration;
			buildSettings = {
				ASSETCATALOG_COMPILER_APPICON_NAME = AppIcon;
				ASSETCATALOG_COMPILER_GLOBAL_ACCENT_COLOR_NAME = AccentColor;
				CODE_SIGN_STYLE = Automatic;
				CURRENT_PROJECT_VERSION = 1;
				GENERATE_INFOPLIST_FILE = YES;
				INFOPLIST_FILE = "PhamMichael-HW9/Info.plist";
				INFOPLIST_KEY_UIApplicationSupportsIndirectInputEvents = YES;
				INFOPLIST_KEY_UILaunchStoryboardName = LaunchScreen;
				INFOPLIST_KEY_UIMainStoryboardFile = Main;
				INFOPLIST_KEY_UISupportedInterfaceOrientations_iPad = "UIInterfaceOrientationPortrait UIInterfaceOrientationPortraitUpsideDown UIInterfaceOrientationLandscapeLeft UIInterfaceOrientationLandscapeRight";
				INFOPLIST_KEY_UISupportedInterfaceOrientations_iPhone = "UIInterfaceOrientationPortrait UIInterfaceOrientationLandscapeLeft UIInterfaceOrientationLandscapeRight";
				LD_RUNPATH_SEARCH_PATHS = (
					"$(inherited)",
					"@executable_path/Frameworks",
				);
				MARKETING_VERSION = 1.0;
				PRODUCT_BUNDLE_IDENTIFIER = "MGP.PhamMichael-HW9";
				PRODUCT_NAME = "$(TARGET_NAME)";
				SWIFT_EMIT_LOC_STRINGS = YES;
				SWIFT_VERSION = 5.0;
				TARGETED_DEVICE_FAMILY = "1,2";
			};
			name = Release;
		};
		6BC934AD2919721A0096482D /* Debug */ = {
			isa = XCBuildConfiguration;
			buildSettings = {
				ALWAYS_EMBED_SWIFT_STANDARD_LIBRARIES = YES;
				BUNDLE_LOADER = "$(TEST_HOST)";
				CODE_SIGN_STYLE = Automatic;
				CURRENT_PROJECT_VERSION = 1;
				GENERATE_INFOPLIST_FILE = YES;
				IPHONEOS_DEPLOYMENT_TARGET = 16.0;
				MARKETING_VERSION = 1.0;
				PRODUCT_BUNDLE_IDENTIFIER = "MGP.PhamMichael-HW9Tests";
				PRODUCT_NAME = "$(TARGET_NAME)";
				SWIFT_EMIT_LOC_STRINGS = NO;
				SWIFT_VERSION = 5.0;
				TARGETED_DEVICE_FAMILY = "1,2";
				TEST_HOST = "$(BUILT_PRODUCTS_DIR)/PhamMichael-HW9.app/$(BUNDLE_EXECUTABLE_FOLDER_PATH)/PhamMichael-HW9";
			};
			name = Debug;
		};
		6BC934AE2919721A0096482D /* Release */ = {
			isa = XCBuildConfiguration;
			buildSettings = {
				ALWAYS_EMBED_SWIFT_STANDARD_LIBRARIES = YES;
				BUNDLE_LOADER = "$(TEST_HOST)";
				CODE_SIGN_STYLE = Automatic;
				CURRENT_PROJECT_VERSION = 1;
				GENERATE_INFOPLIST_FILE = YES;
				IPHONEOS_DEPLOYMENT_TARGET = 16.0;
				MARKETING_VERSION = 1.0;
				PRODUCT_BUNDLE_IDENTIFIER = "MGP.PhamMichael-HW9Tests";
				PRODUCT_NAME = "$(TARGET_NAME)";
				SWIFT_EMIT_LOC_STRINGS = NO;
				SWIFT_VERSION = 5.0;
				TARGETED_DEVICE_FAMILY = "1,2";
				TEST_HOST = "$(BUILT_PRODUCTS_DIR)/PhamMichael-HW9.app/$(BUNDLE_EXECUTABLE_FOLDER_PATH)/PhamMichael-HW9";
			};
			name = Release;
		};
		6BC934B02919721A0096482D /* Debug */ = {
			isa = XCBuildConfiguration;
			buildSettings = {
				ALWAYS_EMBED_SWIFT_STANDARD_LIBRARIES = YES;
				CODE_SIGN_STYLE = Automatic;
				CURRENT_PROJECT_VERSION = 1;
				GENERATE_INFOPLIST_FILE = YES;
				MARKETING_VERSION = 1.0;
				PRODUCT_BUNDLE_IDENTIFIER = "MGP.PhamMichael-HW9UITests";
				PRODUCT_NAME = "$(TARGET_NAME)";
				SWIFT_EMIT_LOC_STRINGS = NO;
				SWIFT_VERSION = 5.0;
				TARGETED_DEVICE_FAMILY = "1,2";
				TEST_TARGET_NAME = "PhamMichael-HW9";
			};
			name = Debug;
		};
		6BC934B12919721A0096482D /* Release */ = {
			isa = XCBuildConfiguration;
			buildSettings = {
				ALWAYS_EMBED_SWIFT_STANDARD_LIBRARIES = YES;
				CODE_SIGN_STYLE = Automatic;
				CURRENT_PROJECT_VERSION = 1;
				GENERATE_INFOPLIST_FILE = YES;
				MARKETING_VERSION = 1.0;
				PRODUCT_BUNDLE_IDENTIFIER = "MGP.PhamMichael-HW9UITests";
				PRODUCT_NAME = "$(TARGET_NAME)";
				SWIFT_EMIT_LOC_STRINGS = NO;
				SWIFT_VERSION = 5.0;
				TARGETED_DEVICE_FAMILY = "1,2";
				TEST_TARGET_NAME = "PhamMichael-HW9";
			};
			name = Release;
		};
/* End XCBuildConfiguration section */

/* Begin XCConfigurationList section */
		6BC93477291972190096482D /* Build configuration list for PBXProject "PhamMichael-HW9" */ = {
			isa = XCConfigurationList;
			buildConfigurations = (
				6BC934A72919721A0096482D /* Debug */,
				6BC934A82919721A0096482D /* Release */,
			);
			defaultConfigurationIsVisible = 0;
			defaultConfigurationName = Release;
		};
		6BC934A92919721A0096482D /* Build configuration list for PBXNativeTarget "PhamMichael-HW9" */ = {
			isa = XCConfigurationList;
			buildConfigurations = (
				6BC934AA2919721A0096482D /* Debug */,
				6BC934AB2919721A0096482D /* Release */,
			);
			defaultConfigurationIsVisible = 0;
			defaultConfigurationName = Release;
		};
		6BC934AC2919721A0096482D /* Build configuration list for PBXNativeTarget "PhamMichael-HW9Tests" */ = {
			isa = XCConfigurationList;
			buildConfigurations = (
				6BC934AD2919721A0096482D /* Debug */,
				6BC934AE2919721A0096482D /* Release */,
			);
			defaultConfigurationIsVisible = 0;
			defaultConfigurationName = Release;
		};
		6BC934AF2919721A0096482D /* Build configuration list for PBXNativeTarget "PhamMichael-HW9UITests" */ = {
			isa = XCConfigurationList;
			buildConfigurations = (
				6BC934B02919721A0096482D /* Debug */,
				6BC934B12919721A0096482D /* Release */,
			);
			defaultConfigurationIsVisible = 0;
			defaultConfigurationName = Release;
		};
/* End XCConfigurationList section */

/* Begin XCVersionGroup section */
		6BC93488291972190096482D /* PhamMichael_HW9.xcdatamodeld */ = {
			isa = XCVersionGroup;
			children = (
				6BC93489291972190096482D /* PhamMichael_HW9.xcdatamodel */,
			);
			currentVersion = 6BC93489291972190096482D /* PhamMichael_HW9.xcdatamodel */;
			path = PhamMichael_HW9.xcdatamodeld;
			sourceTree = "<group>";
			versionGroupType = wrapper.xcdatamodel;
		};
/* End XCVersionGroup section */
	};
	rootObject = 6BC93474291972190096482D /* Project object */;
}
