// !$*UTF8*$!
{
	archiveVersion = 1;
	classes = {
	};
	objectVersion = 56;
	objects = {

/* Begin PBXBuildFile section */
		6B922FFA2907169F00CF4E19 /* AppDelegate.swift in Sources */ = {isa = PBXBuildFile; fileRef = 6B922FF92907169F00CF4E19 /* AppDelegate.swift */; };
		6B922FFC2907169F00CF4E19 /* SceneDelegate.swift in Sources */ = {isa = PBXBuildFile; fileRef = 6B922FFB2907169F00CF4E19 /* SceneDelegate.swift */; };
		6B922FFE2907169F00CF4E19 /* ViewController.swift in Sources */ = {isa = PBXBuildFile; fileRef = 6B922FFD2907169F00CF4E19 /* ViewController.swift */; };
		6B9230012907169F00CF4E19 /* Main.storyboard in Resources */ = {isa = PBXBuildFile; fileRef = 6B922FFF2907169F00CF4E19 /* Main.storyboard */; };
		6B923003290716A000CF4E19 /* Assets.xcassets in Resources */ = {isa = PBXBuildFile; fileRef = 6B923002290716A000CF4E19 /* Assets.xcassets */; };
		6B923006290716A000CF4E19 /* LaunchScreen.storyboard in Resources */ = {isa = PBXBuildFile; fileRef = 6B923004290716A000CF4E19 /* LaunchScreen.storyboard */; };
		6B923011290716A000CF4E19 /* PhamMichael_HW7Tests.swift in Sources */ = {isa = PBXBuildFile; fileRef = 6B923010290716A000CF4E19 /* PhamMichael_HW7Tests.swift */; };
		6B92301B290716A000CF4E19 /* PhamMichael_HW7UITests.swift in Sources */ = {isa = PBXBuildFile; fileRef = 6B92301A290716A000CF4E19 /* PhamMichael_HW7UITests.swift */; };
		6B92301D290716A000CF4E19 /* PhamMichael_HW7UITestsLaunchTests.swift in Sources */ = {isa = PBXBuildFile; fileRef = 6B92301C290716A000CF4E19 /* PhamMichael_HW7UITestsLaunchTests.swift */; };
		6B92302C2907196C00CF4E19 /* AddTimerViewController.swift in Sources */ = {isa = PBXBuildFile; fileRef = 6B92302B2907196C00CF4E19 /* AddTimerViewController.swift */; };
		6B92302E2907197F00CF4E19 /* CountdownViewController.swift in Sources */ = {isa = PBXBuildFile; fileRef = 6B92302D2907197F00CF4E19 /* CountdownViewController.swift */; };
		6B92303029071CBA00CF4E19 /* TimerInsert.swift in Sources */ = {isa = PBXBuildFile; fileRef = 6B92302F29071CBA00CF4E19 /* TimerInsert.swift */; };
/* End PBXBuildFile section */

/* Begin PBXContainerItemProxy section */
		6B92300D290716A000CF4E19 /* PBXContainerItemProxy */ = {
			isa = PBXContainerItemProxy;
			containerPortal = 6B922FEE2907169F00CF4E19 /* Project object */;
			proxyType = 1;
			remoteGlobalIDString = 6B922FF52907169F00CF4E19;
			remoteInfo = "PhamMichael-HW7";
		};
		6B923017290716A000CF4E19 /* PBXContainerItemProxy */ = {
			isa = PBXContainerItemProxy;
			containerPortal = 6B922FEE2907169F00CF4E19 /* Project object */;
			proxyType = 1;
			remoteGlobalIDString = 6B922FF52907169F00CF4E19;
			remoteInfo = "PhamMichael-HW7";
		};
/* End PBXContainerItemProxy section */

/* Begin PBXFileReference section */
		6B922FF62907169F00CF4E19 /* PhamMichael-HW7.app */ = {isa = PBXFileReference; explicitFileType = wrapper.application; includeInIndex = 0; path = "PhamMichael-HW7.app"; sourceTree = BUILT_PRODUCTS_DIR; };
		6B922FF92907169F00CF4E19 /* AppDelegate.swift */ = {isa = PBXFileReference; lastKnownFileType = sourcecode.swift; path = AppDelegate.swift; sourceTree = "<group>"; };
		6B922FFB2907169F00CF4E19 /* SceneDelegate.swift */ = {isa = PBXFileReference; lastKnownFileType = sourcecode.swift; path = SceneDelegate.swift; sourceTree = "<group>"; };
		6B922FFD2907169F00CF4E19 /* ViewController.swift */ = {isa = PBXFileReference; lastKnownFileType = sourcecode.swift; path = ViewController.swift; sourceTree = "<group>"; };
		6B9230002907169F00CF4E19 /* Base */ = {isa = PBXFileReference; lastKnownFileType = file.storyboard; name = Base; path = Base.lproj/Main.storyboard; sourceTree = "<group>"; };
		6B923002290716A000CF4E19 /* Assets.xcassets */ = {isa = PBXFileReference; lastKnownFileType = folder.assetcatalog; path = Assets.xcassets; sourceTree = "<group>"; };
		6B923005290716A000CF4E19 /* Base */ = {isa = PBXFileReference; lastKnownFileType = file.storyboard; name = Base; path = Base.lproj/LaunchScreen.storyboard; sourceTree = "<group>"; };
		6B923007290716A000CF4E19 /* Info.plist */ = {isa = PBXFileReference; lastKnownFileType = text.plist.xml; path = Info.plist; sourceTree = "<group>"; };
		6B92300C290716A000CF4E19 /* PhamMichael-HW7Tests.xctest */ = {isa = PBXFileReference; explicitFileType = wrapper.cfbundle; includeInIndex = 0; path = "PhamMichael-HW7Tests.xctest"; sourceTree = BUILT_PRODUCTS_DIR; };
		6B923010290716A000CF4E19 /* PhamMichael_HW7Tests.swift */ = {isa = PBXFileReference; lastKnownFileType = sourcecode.swift; path = PhamMichael_HW7Tests.swift; sourceTree = "<group>"; };
		6B923016290716A000CF4E19 /* PhamMichael-HW7UITests.xctest */ = {isa = PBXFileReference; explicitFileType = wrapper.cfbundle; includeInIndex = 0; path = "PhamMichael-HW7UITests.xctest"; sourceTree = BUILT_PRODUCTS_DIR; };
		6B92301A290716A000CF4E19 /* PhamMichael_HW7UITests.swift */ = {isa = PBXFileReference; lastKnownFileType = sourcecode.swift; path = PhamMichael_HW7UITests.swift; sourceTree = "<group>"; };
		6B92301C290716A000CF4E19 /* PhamMichael_HW7UITestsLaunchTests.swift */ = {isa = PBXFileReference; lastKnownFileType = sourcecode.swift; path = PhamMichael_HW7UITestsLaunchTests.swift; sourceTree = "<group>"; };
		6B92302B2907196C00CF4E19 /* AddTimerViewController.swift */ = {isa = PBXFileReference; lastKnownFileType = sourcecode.swift; path = AddTimerViewController.swift; sourceTree = "<group>"; };
		6B92302D2907197F00CF4E19 /* CountdownViewController.swift */ = {isa = PBXFileReference; lastKnownFileType = sourcecode.swift; path = CountdownViewController.swift; sourceTree = "<group>"; };
		6B92302F29071CBA00CF4E19 /* TimerInsert.swift */ = {isa = PBXFileReference; lastKnownFileType = sourcecode.swift; path = TimerInsert.swift; sourceTree = "<group>"; };
/* End PBXFileReference section */

/* Begin PBXFrameworksBuildPhase section */
		6B922FF32907169F00CF4E19 /* Frameworks */ = {
			isa = PBXFrameworksBuildPhase;
			buildActionMask = 2147483647;
			files = (
			);
			runOnlyForDeploymentPostprocessing = 0;
		};
		6B923009290716A000CF4E19 /* Frameworks */ = {
			isa = PBXFrameworksBuildPhase;
			buildActionMask = 2147483647;
			files = (
			);
			runOnlyForDeploymentPostprocessing = 0;
		};
		6B923013290716A000CF4E19 /* Frameworks */ = {
			isa = PBXFrameworksBuildPhase;
			buildActionMask = 2147483647;
			files = (
			);
			runOnlyForDeploymentPostprocessing = 0;
		};
/* End PBXFrameworksBuildPhase section */

/* Begin PBXGroup section */
		6B922FED2907169F00CF4E19 = {
			isa = PBXGroup;
			children = (
				6B922FF82907169F00CF4E19 /* PhamMichael-HW7 */,
				6B92300F290716A000CF4E19 /* PhamMichael-HW7Tests */,
				6B923019290716A000CF4E19 /* PhamMichael-HW7UITests */,
				6B922FF72907169F00CF4E19 /* Products */,
			);
			sourceTree = "<group>";
		};
		6B922FF72907169F00CF4E19 /* Products */ = {
			isa = PBXGroup;
			children = (
				6B922FF62907169F00CF4E19 /* PhamMichael-HW7.app */,
				6B92300C290716A000CF4E19 /* PhamMichael-HW7Tests.xctest */,
				6B923016290716A000CF4E19 /* PhamMichael-HW7UITests.xctest */,
			);
			name = Products;
			sourceTree = "<group>";
		};
		6B922FF82907169F00CF4E19 /* PhamMichael-HW7 */ = {
			isa = PBXGroup;
			children = (
				6B922FF92907169F00CF4E19 /* AppDelegate.swift */,
				6B92302B2907196C00CF4E19 /* AddTimerViewController.swift */,
				6B92302D2907197F00CF4E19 /* CountdownViewController.swift */,
				6B922FFB2907169F00CF4E19 /* SceneDelegate.swift */,
				6B922FFD2907169F00CF4E19 /* ViewController.swift */,
				6B92302F29071CBA00CF4E19 /* TimerInsert.swift */,
				6B922FFF2907169F00CF4E19 /* Main.storyboard */,
				6B923002290716A000CF4E19 /* Assets.xcassets */,
				6B923004290716A000CF4E19 /* LaunchScreen.storyboard */,
				6B923007290716A000CF4E19 /* Info.plist */,
			);
			path = "PhamMichael-HW7";
			sourceTree = "<group>";
		};
		6B92300F290716A000CF4E19 /* PhamMichael-HW7Tests */ = {
			isa = PBXGroup;
			children = (
				6B923010290716A000CF4E19 /* PhamMichael_HW7Tests.swift */,
			);
			path = "PhamMichael-HW7Tests";
			sourceTree = "<group>";
		};
		6B923019290716A000CF4E19 /* PhamMichael-HW7UITests */ = {
			isa = PBXGroup;
			children = (
				6B92301A290716A000CF4E19 /* PhamMichael_HW7UITests.swift */,
				6B92301C290716A000CF4E19 /* PhamMichael_HW7UITestsLaunchTests.swift */,
			);
			path = "PhamMichael-HW7UITests";
			sourceTree = "<group>";
		};
/* End PBXGroup section */

/* Begin PBXNativeTarget section */
		6B922FF52907169F00CF4E19 /* PhamMichael-HW7 */ = {
			isa = PBXNativeTarget;
			buildConfigurationList = 6B923020290716A000CF4E19 /* Build configuration list for PBXNativeTarget "PhamMichael-HW7" */;
			buildPhases = (
				6B922FF22907169F00CF4E19 /* Sources */,
				6B922FF32907169F00CF4E19 /* Frameworks */,
				6B922FF42907169F00CF4E19 /* Resources */,
			);
			buildRules = (
			);
			dependencies = (
			);
			name = "PhamMichael-HW7";
			productName = "PhamMichael-HW7";
			productReference = 6B922FF62907169F00CF4E19 /* PhamMichael-HW7.app */;
			productType = "com.apple.product-type.application";
		};
		6B92300B290716A000CF4E19 /* PhamMichael-HW7Tests */ = {
			isa = PBXNativeTarget;
			buildConfigurationList = 6B923023290716A000CF4E19 /* Build configuration list for PBXNativeTarget "PhamMichael-HW7Tests" */;
			buildPhases = (
				6B923008290716A000CF4E19 /* Sources */,
				6B923009290716A000CF4E19 /* Frameworks */,
				6B92300A290716A000CF4E19 /* Resources */,
			);
			buildRules = (
			);
			dependencies = (
				6B92300E290716A000CF4E19 /* PBXTargetDependency */,
			);
			name = "PhamMichael-HW7Tests";
			productName = "PhamMichael-HW7Tests";
			productReference = 6B92300C290716A000CF4E19 /* PhamMichael-HW7Tests.xctest */;
			productType = "com.apple.product-type.bundle.unit-test";
		};
		6B923015290716A000CF4E19 /* PhamMichael-HW7UITests */ = {
			isa = PBXNativeTarget;
			buildConfigurationList = 6B923026290716A000CF4E19 /* Build configuration list for PBXNativeTarget "PhamMichael-HW7UITests" */;
			buildPhases = (
				6B923012290716A000CF4E19 /* Sources */,
				6B923013290716A000CF4E19 /* Frameworks */,
				6B923014290716A000CF4E19 /* Resources */,
			);
			buildRules = (
			);
			dependencies = (
				6B923018290716A000CF4E19 /* PBXTargetDependency */,
			);
			name = "PhamMichael-HW7UITests";
			productName = "PhamMichael-HW7UITests";
			productReference = 6B923016290716A000CF4E19 /* PhamMichael-HW7UITests.xctest */;
			productType = "com.apple.product-type.bundle.ui-testing";
		};
/* End PBXNativeTarget section */

/* Begin PBXProject section */
		6B922FEE2907169F00CF4E19 /* Project object */ = {
			isa = PBXProject;
			attributes = {
				BuildIndependentTargetsInParallel = 1;
				LastSwiftUpdateCheck = 1400;
				LastUpgradeCheck = 1400;
				TargetAttributes = {
					6B922FF52907169F00CF4E19 = {
						CreatedOnToolsVersion = 14.0;
					};
					6B92300B290716A000CF4E19 = {
						CreatedOnToolsVersion = 14.0;
						TestTargetID = 6B922FF52907169F00CF4E19;
					};
					6B923015290716A000CF4E19 = {
						CreatedOnToolsVersion = 14.0;
						TestTargetID = 6B922FF52907169F00CF4E19;
					};
				};
			};
			buildConfigurationList = 6B922FF12907169F00CF4E19 /* Build configuration list for PBXProject "PhamMichael-HW7" */;
			compatibilityVersion = "Xcode 14.0";
			developmentRegion = en;
			hasScannedForEncodings = 0;
			knownRegions = (
				en,
				Base,
			);
			mainGroup = 6B922FED2907169F00CF4E19;
			productRefGroup = 6B922FF72907169F00CF4E19 /* Products */;
			projectDirPath = "";
			projectRoot = "";
			targets = (
				6B922FF52907169F00CF4E19 /* PhamMichael-HW7 */,
				6B92300B290716A000CF4E19 /* PhamMichael-HW7Tests */,
				6B923015290716A000CF4E19 /* PhamMichael-HW7UITests */,
			);
		};
/* End PBXProject section */

/* Begin PBXResourcesBuildPhase section */
		6B922FF42907169F00CF4E19 /* Resources */ = {
			isa = PBXResourcesBuildPhase;
			buildActionMask = 2147483647;
			files = (
				6B923006290716A000CF4E19 /* LaunchScreen.storyboard in Resources */,
				6B923003290716A000CF4E19 /* Assets.xcassets in Resources */,
				6B9230012907169F00CF4E19 /* Main.storyboard in Resources */,
			);
			runOnlyForDeploymentPostprocessing = 0;
		};
		6B92300A290716A000CF4E19 /* Resources */ = {
			isa = PBXResourcesBuildPhase;
			buildActionMask = 2147483647;
			files = (
			);
			runOnlyForDeploymentPostprocessing = 0;
		};
		6B923014290716A000CF4E19 /* Resources */ = {
			isa = PBXResourcesBuildPhase;
			buildActionMask = 2147483647;
			files = (
			);
			runOnlyForDeploymentPostprocessing = 0;
		};
/* End PBXResourcesBuildPhase section */

/* Begin PBXSourcesBuildPhase section */
		6B922FF22907169F00CF4E19 /* Sources */ = {
			isa = PBXSourcesBuildPhase;
			buildActionMask = 2147483647;
			files = (
				6B92303029071CBA00CF4E19 /* TimerInsert.swift in Sources */,
				6B92302C2907196C00CF4E19 /* AddTimerViewController.swift in Sources */,
				6B92302E2907197F00CF4E19 /* CountdownViewController.swift in Sources */,
				6B922FFE2907169F00CF4E19 /* ViewController.swift in Sources */,
				6B922FFA2907169F00CF4E19 /* AppDelegate.swift in Sources */,
				6B922FFC2907169F00CF4E19 /* SceneDelegate.swift in Sources */,
			);
			runOnlyForDeploymentPostprocessing = 0;
		};
		6B923008290716A000CF4E19 /* Sources */ = {
			isa = PBXSourcesBuildPhase;
			buildActionMask = 2147483647;
			files = (
				6B923011290716A000CF4E19 /* PhamMichael_HW7Tests.swift in Sources */,
			);
			runOnlyForDeploymentPostprocessing = 0;
		};
		6B923012290716A000CF4E19 /* Sources */ = {
			isa = PBXSourcesBuildPhase;
			buildActionMask = 2147483647;
			files = (
				6B92301B290716A000CF4E19 /* PhamMichael_HW7UITests.swift in Sources */,
				6B92301D290716A000CF4E19 /* PhamMichael_HW7UITestsLaunchTests.swift in Sources */,
			);
			runOnlyForDeploymentPostprocessing = 0;
		};
/* End PBXSourcesBuildPhase section */

/* Begin PBXTargetDependency section */
		6B92300E290716A000CF4E19 /* PBXTargetDependency */ = {
			isa = PBXTargetDependency;
			target = 6B922FF52907169F00CF4E19 /* PhamMichael-HW7 */;
			targetProxy = 6B92300D290716A000CF4E19 /* PBXContainerItemProxy */;
		};
		6B923018290716A000CF4E19 /* PBXTargetDependency */ = {
			isa = PBXTargetDependency;
			target = 6B922FF52907169F00CF4E19 /* PhamMichael-HW7 */;
			targetProxy = 6B923017290716A000CF4E19 /* PBXContainerItemProxy */;
		};
/* End PBXTargetDependency section */

/* Begin PBXVariantGroup section */
		6B922FFF2907169F00CF4E19 /* Main.storyboard */ = {
			isa = PBXVariantGroup;
			children = (
				6B9230002907169F00CF4E19 /* Base */,
			);
			name = Main.storyboard;
			sourceTree = "<group>";
		};
		6B923004290716A000CF4E19 /* LaunchScreen.storyboard */ = {
			isa = PBXVariantGroup;
			children = (
				6B923005290716A000CF4E19 /* Base */,
			);
			name = LaunchScreen.storyboard;
			sourceTree = "<group>";
		};
/* End PBXVariantGroup section */

/* Begin XCBuildConfiguration section */
		6B92301E290716A000CF4E19 /* Debug */ = {
			isa = XCBuildConfiguration;
			buildSettings = {
				ALWAYS_SEARCH_USER_PATHS = NO;
				CLANG_ANALYZER_NONNULL = YES;
				CLANG_ANALYZER_NUMBER_OBJECT_CONVERSION = YES_AGGRESSIVE;
				CLANG_CXX_LANGUAGE_STANDARD = "gnu++20";
				CLANG_ENABLE_MODULES = YES;
				CLANG_ENABLE_OBJC_ARC = YES;
				CLANG_ENABLE_OBJC_WEAK = YES;
				CLANG_WARN_BLOCK_CAPTURE_AUTORELEASING = YES;
				CLANG_WARN_BOOL_CONVERSION = YES;
				CLANG_WARN_COMMA = YES;
				CLANG_WARN_CONSTANT_CONVERSION = YES;
				CLANG_WARN_DEPRECATED_OBJC_IMPLEMENTATIONS = YES;
				CLANG_WARN_DIRECT_OBJC_ISA_USAGE = YES_ERROR;
				CLANG_WARN_DOCUMENTATION_COMMENTS = YES;
				CLANG_WARN_EMPTY_BODY = YES;
				CLANG_WARN_ENUM_CONVERSION = YES;
				CLANG_WARN_INFINITE_RECURSION = YES;
				CLANG_WARN_INT_CONVERSION = YES;
				CLANG_WARN_NON_LITERAL_NULL_CONVERSION = YES;
				CLANG_WARN_OBJC_IMPLICIT_RETAIN_SELF = YES;
				CLANG_WARN_OBJC_LITERAL_CONVERSION = YES;
				CLANG_WARN_OBJC_ROOT_CLASS = YES_ERROR;
				CLANG_WARN_QUOTED_INCLUDE_IN_FRAMEWORK_HEADER = YES;
				CLANG_WARN_RANGE_LOOP_ANALYSIS = YES;
				CLANG_WARN_STRICT_PROTOTYPES = YES;
				CLANG_WARN_SUSPICIOUS_MOVE = YES;
				CLANG_WARN_UNGUARDED_AVAILABILITY = YES_AGGRESSIVE;
				CLANG_WARN_UNREACHABLE_CODE = YES;
				CLANG_WARN__DUPLICATE_METHOD_MATCH = YES;
				COPY_PHASE_STRIP = NO;
				DEBUG_INFORMATION_FORMAT = dwarf;
				ENABLE_STRICT_OBJC_MSGSEND = YES;
				ENABLE_TESTABILITY = YES;
				GCC_C_LANGUAGE_STANDARD = gnu11;
				GCC_DYNAMIC_NO_PIC = NO;
				GCC_NO_COMMON_BLOCKS = YES;
				GCC_OPTIMIZATION_LEVEL = 0;
				GCC_PREPROCESSOR_DEFINITIONS = (
					"DEBUG=1",
					"$(inherited)",
				);
				GCC_WARN_64_TO_32_BIT_CONVERSION = YES;
				GCC_WARN_ABOUT_RETURN_TYPE = YES_ERROR;
				GCC_WARN_UNDECLARED_SELECTOR = YES;
				GCC_WARN_UNINITIALIZED_AUTOS = YES_AGGRESSIVE;
				GCC_WARN_UNUSED_FUNCTION = YES;
				GCC_WARN_UNUSED_VARIABLE = YES;
				IPHONEOS_DEPLOYMENT_TARGET = 16.0;
				MTL_ENABLE_DEBUG_INFO = INCLUDE_SOURCE;
				MTL_FAST_MATH = YES;
				ONLY_ACTIVE_ARCH = YES;
				SDKROOT = iphoneos;
				SWIFT_ACTIVE_COMPILATION_CONDITIONS = DEBUG;
				SWIFT_OPTIMIZATION_LEVEL = "-Onone";
			};
			name = Debug;
		};
		6B92301F290716A000CF4E19 /* Release */ = {
			isa = XCBuildConfiguration;
			buildSettings = {
				ALWAYS_SEARCH_USER_PATHS = NO;
				CLANG_ANALYZER_NONNULL = YES;
				CLANG_ANALYZER_NUMBER_OBJECT_CONVERSION = YES_AGGRESSIVE;
				CLANG_CXX_LANGUAGE_STANDARD = "gnu++20";
				CLANG_ENABLE_MODULES = YES;
				CLANG_ENABLE_OBJC_ARC = YES;
				CLANG_ENABLE_OBJC_WEAK = YES;
				CLANG_WARN_BLOCK_CAPTURE_AUTORELEASING = YES;
				CLANG_WARN_BOOL_CONVERSION = YES;
				CLANG_WARN_COMMA = YES;
				CLANG_WARN_CONSTANT_CONVERSION = YES;
				CLANG_WARN_DEPRECATED_OBJC_IMPLEMENTATIONS = YES;
				CLANG_WARN_DIRECT_OBJC_ISA_USAGE = YES_ERROR;
				CLANG_WARN_DOCUMENTATION_COMMENTS = YES;
				CLANG_WARN_EMPTY_BODY = YES;
				CLANG_WARN_ENUM_CONVERSION = YES;
				CLANG_WARN_INFINITE_RECURSION = YES;
				CLANG_WARN_INT_CONVERSION = YES;
				CLANG_WARN_NON_LITERAL_NULL_CONVERSION = YES;
				CLANG_WARN_OBJC_IMPLICIT_RETAIN_SELF = YES;
				CLANG_WARN_OBJC_LITERAL_CONVERSION = YES;
				CLANG_WARN_OBJC_ROOT_CLASS = YES_ERROR;
				CLANG_WARN_QUOTED_INCLUDE_IN_FRAMEWORK_HEADER = YES;
				CLANG_WARN_RANGE_LOOP_ANALYSIS = YES;
				CLANG_WARN_STRICT_PROTOTYPES = YES;
				CLANG_WARN_SUSPICIOUS_MOVE = YES;
				CLANG_WARN_UNGUARDED_AVAILABILITY = YES_AGGRESSIVE;
				CLANG_WARN_UNREACHABLE_CODE = YES;
				CLANG_WARN__DUPLICATE_METHOD_MATCH = YES;
				COPY_PHASE_STRIP = NO;
				DEBUG_INFORMATION_FORMAT = "dwarf-with-dsym";
				ENABLE_NS_ASSERTIONS = NO;
				ENABLE_STRICT_OBJC_MSGSEND = YES;
				GCC_C_LANGUAGE_STANDARD = gnu11;
				GCC_NO_COMMON_BLOCKS = YES;
				GCC_WARN_64_TO_32_BIT_CONVERSION = YES;
				GCC_WARN_ABOUT_RETURN_TYPE = YES_ERROR;
				GCC_WARN_UNDECLARED_SELECTOR = YES;
				GCC_WARN_UNINITIALIZED_AUTOS = YES_AGGRESSIVE;
				GCC_WARN_UNUSED_FUNCTION = YES;
				GCC_WARN_UNUSED_VARIABLE = YES;
				IPHONEOS_DEPLOYMENT_TARGET = 16.0;
				MTL_ENABLE_DEBUG_INFO = NO;
				MTL_FAST_MATH = YES;
				SDKROOT = iphoneos;
				SWIFT_COMPILATION_MODE = wholemodule;
				SWIFT_OPTIMIZATION_LEVEL = "-O";
				VALIDATE_PRODUCT = YES;
			};
			name = Release;
		};
		6B923021290716A000CF4E19 /* Debug */ = {
			isa = XCBuildConfiguration;
			buildSettings = {
				ASSETCATALOG_COMPILER_APPICON_NAME = AppIcon;
				ASSETCATALOG_COMPILER_GLOBAL_ACCENT_COLOR_NAME = AccentColor;
				CODE_SIGN_STYLE = Automatic;
				CURRENT_PROJECT_VERSION = 1;
				GENERATE_INFOPLIST_FILE = YES;
				INFOPLIST_FILE = "PhamMichael-HW7/Info.plist";
				INFOPLIST_KEY_UIApplicationSupportsIndirectInputEvents = YES;
				INFOPLIST_KEY_UILaunchStoryboardName = LaunchScreen;
				INFOPLIST_KEY_UIMainStoryboardFile = Main;
				INFOPLIST_KEY_UISupportedInterfaceOrientations_iPad = "UIInterfaceOrientationPortrait UIInterfaceOrientationPortraitUpsideDown UIInterfaceOrientationLandscapeLeft UIInterfaceOrientationLandscapeRight";
				INFOPLIST_KEY_UISupportedInterfaceOrientations_iPhone = "UIInterfaceOrientationPortrait UIInterfaceOrientationLandscapeLeft UIInterfaceOrientationLandscapeRight";
				LD_RUNPATH_SEARCH_PATHS = (
					"$(inherited)",
					"@executable_path/Frameworks",
				);
				MARKETING_VERSION = 1.0;
				PRODUCT_BUNDLE_IDENTIFIER = "MGP.PhamMichael-HW7";
				PRODUCT_NAME = "$(TARGET_NAME)";
				SWIFT_EMIT_LOC_STRINGS = YES;
				SWIFT_VERSION = 5.0;
				TARGETED_DEVICE_FAMILY = "1,2";
			};
			name = Debug;
		};
		6B923022290716A000CF4E19 /* Release */ = {
			isa = XCBuildConfiguration;
			buildSettings = {
				ASSETCATALOG_COMPILER_APPICON_NAME = AppIcon;
				ASSETCATALOG_COMPILER_GLOBAL_ACCENT_COLOR_NAME = AccentColor;
				CODE_SIGN_STYLE = Automatic;
				CURRENT_PROJECT_VERSION = 1;
				GENERATE_INFOPLIST_FILE = YES;
				INFOPLIST_FILE = "PhamMichael-HW7/Info.plist";
				INFOPLIST_KEY_UIApplicationSupportsIndirectInputEvents = YES;
				INFOPLIST_KEY_UILaunchStoryboardName = LaunchScreen;
				INFOPLIST_KEY_UIMainStoryboardFile = Main;
				INFOPLIST_KEY_UISupportedInterfaceOrientations_iPad = "UIInterfaceOrientationPortrait UIInterfaceOrientationPortraitUpsideDown UIInterfaceOrientationLandscapeLeft UIInterfaceOrientationLandscapeRight";
				INFOPLIST_KEY_UISupportedInterfaceOrientations_iPhone = "UIInterfaceOrientationPortrait UIInterfaceOrientationLandscapeLeft UIInterfaceOrientationLandscapeRight";
				LD_RUNPATH_SEARCH_PATHS = (
					"$(inherited)",
					"@executable_path/Frameworks",
				);
				MARKETING_VERSION = 1.0;
				PRODUCT_BUNDLE_IDENTIFIER = "MGP.PhamMichael-HW7";
				PRODUCT_NAME = "$(TARGET_NAME)";
				SWIFT_EMIT_LOC_STRINGS = YES;
				SWIFT_VERSION = 5.0;
				TARGETED_DEVICE_FAMILY = "1,2";
			};
			name = Release;
		};
		6B923024290716A000CF4E19 /* Debug */ = {
			isa = XCBuildConfiguration;
			buildSettings = {
				ALWAYS_EMBED_SWIFT_STANDARD_LIBRARIES = YES;
				BUNDLE_LOADER = "$(TEST_HOST)";
				CODE_SIGN_STYLE = Automatic;
				CURRENT_PROJECT_VERSION = 1;
				GENERATE_INFOPLIST_FILE = YES;
				IPHONEOS_DEPLOYMENT_TARGET = 16.0;
				MARKETING_VERSION = 1.0;
				PRODUCT_BUNDLE_IDENTIFIER = "MGP.PhamMichael-HW7Tests";
				PRODUCT_NAME = "$(TARGET_NAME)";
				SWIFT_EMIT_LOC_STRINGS = NO;
				SWIFT_VERSION = 5.0;
				TARGETED_DEVICE_FAMILY = "1,2";
				TEST_HOST = "$(BUILT_PRODUCTS_DIR)/PhamMichael-HW7.app/$(BUNDLE_EXECUTABLE_FOLDER_PATH)/PhamMichael-HW7";
			};
			name = Debug;
		};
		6B923025290716A000CF4E19 /* Release */ = {
			isa = XCBuildConfiguration;
			buildSettings = {
				ALWAYS_EMBED_SWIFT_STANDARD_LIBRARIES = YES;
				BUNDLE_LOADER = "$(TEST_HOST)";
				CODE_SIGN_STYLE = Automatic;
				CURRENT_PROJECT_VERSION = 1;
				GENERATE_INFOPLIST_FILE = YES;
				IPHONEOS_DEPLOYMENT_TARGET = 16.0;
				MARKETING_VERSION = 1.0;
				PRODUCT_BUNDLE_IDENTIFIER = "MGP.PhamMichael-HW7Tests";
				PRODUCT_NAME = "$(TARGET_NAME)";
				SWIFT_EMIT_LOC_STRINGS = NO;
				SWIFT_VERSION = 5.0;
				TARGETED_DEVICE_FAMILY = "1,2";
				TEST_HOST = "$(BUILT_PRODUCTS_DIR)/PhamMichael-HW7.app/$(BUNDLE_EXECUTABLE_FOLDER_PATH)/PhamMichael-HW7";
			};
			name = Release;
		};
		6B923027290716A000CF4E19 /* Debug */ = {
			isa = XCBuildConfiguration;
			buildSettings = {
				ALWAYS_EMBED_SWIFT_STANDARD_LIBRARIES = YES;
				CODE_SIGN_STYLE = Automatic;
				CURRENT_PROJECT_VERSION = 1;
				GENERATE_INFOPLIST_FILE = YES;
				MARKETING_VERSION = 1.0;
				PRODUCT_BUNDLE_IDENTIFIER = "MGP.PhamMichael-HW7UITests";
				PRODUCT_NAME = "$(TARGET_NAME)";
				SWIFT_EMIT_LOC_STRINGS = NO;
				SWIFT_VERSION = 5.0;
				TARGETED_DEVICE_FAMILY = "1,2";
				TEST_TARGET_NAME = "PhamMichael-HW7";
			};
			name = Debug;
		};
		6B923028290716A000CF4E19 /* Release */ = {
			isa = XCBuildConfiguration;
			buildSettings = {
				ALWAYS_EMBED_SWIFT_STANDARD_LIBRARIES = YES;
				CODE_SIGN_STYLE = Automatic;
				CURRENT_PROJECT_VERSION = 1;
				GENERATE_INFOPLIST_FILE = YES;
				MARKETING_VERSION = 1.0;
				PRODUCT_BUNDLE_IDENTIFIER = "MGP.PhamMichael-HW7UITests";
				PRODUCT_NAME = "$(TARGET_NAME)";
				SWIFT_EMIT_LOC_STRINGS = NO;
				SWIFT_VERSION = 5.0;
				TARGETED_DEVICE_FAMILY = "1,2";
				TEST_TARGET_NAME = "PhamMichael-HW7";
			};
			name = Release;
		};
/* End XCBuildConfiguration section */

/* Begin XCConfigurationList section */
		6B922FF12907169F00CF4E19 /* Build configuration list for PBXProject "PhamMichael-HW7" */ = {
			isa = XCConfigurationList;
			buildConfigurations = (
				6B92301E290716A000CF4E19 /* Debug */,
				6B92301F290716A000CF4E19 /* Release */,
			);
			defaultConfigurationIsVisible = 0;
			defaultConfigurationName = Release;
		};
		6B923020290716A000CF4E19 /* Build configuration list for PBXNativeTarget "PhamMichael-HW7" */ = {
			isa = XCConfigurationList;
			buildConfigurations = (
				6B923021290716A000CF4E19 /* Debug */,
				6B923022290716A000CF4E19 /* Release */,
			);
			defaultConfigurationIsVisible = 0;
			defaultConfigurationName = Release;
		};
		6B923023290716A000CF4E19 /* Build configuration list for PBXNativeTarget "PhamMichael-HW7Tests" */ = {
			isa = XCConfigurationList;
			buildConfigurations = (
				6B923024290716A000CF4E19 /* Debug */,
				6B923025290716A000CF4E19 /* Release */,
			);
			defaultConfigurationIsVisible = 0;
			defaultConfigurationName = Release;
		};
		6B923026290716A000CF4E19 /* Build configuration list for PBXNativeTarget "PhamMichael-HW7UITests" */ = {
			isa = XCConfigurationList;
			buildConfigurations = (
				6B923027290716A000CF4E19 /* Debug */,
				6B923028290716A000CF4E19 /* Release */,
			);
			defaultConfigurationIsVisible = 0;
			defaultConfigurationName = Release;
		};
/* End XCConfigurationList section */
	};
	rootObject = 6B922FEE2907169F00CF4E19 /* Project object */;
}
